<?xml version="1.0" encoding="utf-8"?>
<Project ToolsVersion="4.0" xmlns="http://schemas.microsoft.com/developer/msbuild/2003">
  <ItemGroup>
    <Filter Include="ソース ファイル">
      <UniqueIdentifier>{4FC737F1-C7A5-4376-A066-2A32D752A2FF}</UniqueIdentifier>
      <Extensions>cpp;c;cc;cxx;def;odl;idl;hpj;bat;asm;asmx</Extensions>
    </Filter>
    <Filter Include="ヘッダー ファイル">
      <UniqueIdentifier>{93995380-89BD-4b04-88EB-625FBE52EBFB}</UniqueIdentifier>
      <Extensions>h;hh;hpp;hxx;hm;inl;inc;xsd</Extensions>
    </Filter>
    <Filter Include="リソース ファイル">
      <UniqueIdentifier>{67DA6AB6-F800-4c08-8B7A-83BB121AAD01}</UniqueIdentifier>
      <Extensions>rc;ico;cur;bmp;dlg;rc2;rct;bin;rgs;gif;jpg;jpeg;jpe;resx;tiff;tif;png;wav;mfcribbon-ms</Extensions>
    </Filter>
    <Filter Include="Common">
      <UniqueIdentifier>{479886c1-12f2-4758-b7bc-200e00e84024}</UniqueIdentifier>
    </Filter>
    <Filter Include="Common\XCBase">
      <UniqueIdentifier>{1ccfeafc-552d-476a-b477-f65091cf87d7}</UniqueIdentifier>
    </Filter>
    <Filter Include="Common\XC32">
      <UniqueIdentifier>{99e7ef69-7a7c-430c-8532-2e36551561d2}</UniqueIdentifier>
    </Filter>
    <Filter Include="Common\hmLib">
      <UniqueIdentifier>{e10fc399-abef-4e2c-99a5-d59b6b851245}</UniqueIdentifier>
    </Filter>
    <Filter Include="Common\homuraLib_v2">
      <UniqueIdentifier>{143c4fbc-7d94-484a-a26d-6feb7f2e52f6}</UniqueIdentifier>
    </Filter>
  </ItemGroup>
  <ItemGroup>
    <ClCompile Include="Battery.cpp">
      <Filter>ソース ファイル</Filter>
    </ClCompile>
    <ClCompile Include="Camera.cpp">
      <Filter>ソース ファイル</Filter>
    </ClCompile>
    <ClCompile Include="CO2.cpp">
      <Filter>ソース ファイル</Filter>
    </ClCompile>
    <ClCompile Include="Com.cpp">
      <Filter>ソース ファイル</Filter>
    </ClCompile>
    <ClCompile Include="Courier.cpp">
      <Filter>ソース ファイル</Filter>
    </ClCompile>
    <ClCompile Include="Data.cpp">
      <Filter>ソース ファイル</Filter>
    </ClCompile>
    <ClCompile Include="DeviceManage.cpp">
      <Filter>ソース ファイル</Filter>
    </ClCompile>
    <ClCompile Include="DeviceManageMessage.cpp">
      <Filter>ソース ファイル</Filter>
    </ClCompile>
    <ClCompile Include="Drive.cpp">
      <Filter>ソース ファイル</Filter>
    </ClCompile>
    <ClCompile Include="GPS.cpp">
      <Filter>ソース ファイル</Filter>
    </ClCompile>
    <ClCompile Include="Inertial.cpp">
      <Filter>ソース ファイル</Filter>
    </ClCompile>
    <ClCompile Include="Message.cpp">
      <Filter>ソース ファイル</Filter>
    </ClCompile>
    <ClCompile Include="Mihara.cpp">
      <Filter>ソース ファイル</Filter>
    </ClCompile>
    <ClCompile Include="Service.cpp">
      <Filter>ソース ファイル</Filter>
    </ClCompile>
    <ClCompile Include="Thermo.cpp">
      <Filter>ソース ファイル</Filter>
    </ClCompile>
    <ClCompile Include="..\..\XC32\clock.cpp">
      <Filter>Common\XC32</Filter>
    </ClCompile>
    <ClCompile Include="..\..\XC32\interrupt.cpp">
      <Filter>Common\XC32</Filter>
    </ClCompile>
    <ClCompile Include="..\..\hmLib\hmLib\cdeque.c">
      <Filter>Common\hmLib</Filter>
    </ClCompile>
    <ClCompile Include="..\..\hmLib\hmLib\comgate.cpp">
      <Filter>Common\hmLib</Filter>
    </ClCompile>
    <ClCompile Include="..\..\hmLib\hmLib\coordinates.cpp">
      <Filter>Common\hmLib</Filter>
    </ClCompile>
    <ClCompile Include="..\..\hmLib\hmLib\cqueue.c">
      <Filter>Common\hmLib</Filter>
    </ClCompile>
    <ClCompile Include="..\..\hmLib\hmLib\cstack.c">
      <Filter>Common\hmLib</Filter>
    </ClCompile>
    <ClCompile Include="..\..\hmLib\hmLib\cstring.c">
      <Filter>Common\hmLib</Filter>
    </ClCompile>
    <ClCompile Include="..\..\hmLib\hmLib\debugstream.cpp">
      <Filter>Common\hmLib</Filter>
    </ClCompile>
    <ClCompile Include="..\..\hmLib\hmLib\random.cpp">
      <Filter>Common\hmLib</Filter>
    </ClCompile>
    <ClCompile Include="..\..\homuraLib_v2\crc8.c">
      <Filter>Common\homuraLib_v2</Filter>
    </ClCompile>
  </ItemGroup>
  <ItemGroup>
    <ClInclude Include="Battery.hpp">
      <Filter>ヘッダー ファイル</Filter>
    </ClInclude>
    <ClInclude Include="Camera.hpp">
      <Filter>ヘッダー ファイル</Filter>
    </ClInclude>
    <ClInclude Include="CO2.hpp">
      <Filter>ヘッダー ファイル</Filter>
    </ClInclude>
    <ClInclude Include="Com.hpp">
      <Filter>ヘッダー ファイル</Filter>
    </ClInclude>
    <ClInclude Include="Courier.hpp">
      <Filter>ヘッダー ファイル</Filter>
    </ClInclude>
    <ClInclude Include="Data.hpp">
      <Filter>ヘッダー ファイル</Filter>
    </ClInclude>
    <ClInclude Include="Device.hpp">
      <Filter>ヘッダー ファイル</Filter>
    </ClInclude>
    <ClInclude Include="DeviceManage.hpp">
      <Filter>ヘッダー ファイル</Filter>
    </ClInclude>
    <ClInclude Include="DeviceManage_forCamera.hpp">
      <Filter>ヘッダー ファイル</Filter>
    </ClInclude>
    <ClInclude Include="DeviceManage_forCO2.hpp">
      <Filter>ヘッダー ファイル</Filter>
    </ClInclude>
    <ClInclude Include="DeviceManage_forCourier.hpp">
      <Filter>ヘッダー ファイル</Filter>
    </ClInclude>
    <ClInclude Include="DeviceManage_forInertial.hpp">
      <Filter>ヘッダー ファイル</Filter>
    </ClInclude>
    <ClInclude Include="DeviceManage_forSDcard.hpp">
      <Filter>ヘッダー ファイル</Filter>
    </ClInclude>
    <ClInclude Include="DeviceManageFunc_Courier.hpp">
      <Filter>ヘッダー ファイル</Filter>
    </ClInclude>
    <ClInclude Include="DeviceManageFunc_Sprite.hpp">
      <Filter>ヘッダー ファイル</Filter>
    </ClInclude>
    <ClInclude Include="DeviceManageMessage.hpp">
      <Filter>ヘッダー ファイル</Filter>
    </ClInclude>
    <ClInclude Include="Drive.hpp">
      <Filter>ヘッダー ファイル</Filter>
    </ClInclude>
    <ClInclude Include="GPS.hpp">
      <Filter>ヘッダー ファイル</Filter>
    </ClInclude>
    <ClInclude Include="Inertial.hpp">
      <Filter>ヘッダー ファイル</Filter>
    </ClInclude>
    <ClInclude Include="Message.hpp">
      <Filter>ヘッダー ファイル</Filter>
    </ClInclude>
    <ClInclude Include="Service.hpp">
      <Filter>ヘッダー ファイル</Filter>
    </ClInclude>
    <ClInclude Include="System_base.hpp">
      <Filter>ヘッダー ファイル</Filter>
    </ClInclude>
    <ClInclude Include="Thermo.hpp">
      <Filter>ヘッダー ファイル</Filter>
    </ClInclude>
    <ClInclude Include="..\..\XCBase\allocator.hpp">
      <Filter>Common\XCBase</Filter>
    </ClInclude>
    <ClInclude Include="..\..\XCBase\array_queue.hpp">
      <Filter>Common\XCBase</Filter>
    </ClInclude>
    <ClInclude Include="..\..\XCBase\bytes.hpp">
      <Filter>Common\XCBase</Filter>
    </ClInclude>
    <ClInclude Include="..\..\XCBase\constexpr_no.hpp">
      <Filter>Common\XCBase</Filter>
    </ClInclude>
    <ClInclude Include="..\..\XCBase\either.hpp">
      <Filter>Common\XCBase</Filter>
    </ClInclude>
    <ClInclude Include="..\..\XCBase\exceptions.hpp">
      <Filter>Common\XCBase</Filter>
    </ClInclude>
    <ClInclude Include="..\..\XCBase\function.hpp">
      <Filter>Common\XCBase</Filter>
    </ClInclude>
    <ClInclude Include="..\..\XCBase\future.hpp">
      <Filter>Common\XCBase</Filter>
    </ClInclude>
    <ClInclude Include="..\..\XCBase\lock.hpp">
      <Filter>Common\XCBase</Filter>
    </ClInclude>
    <ClInclude Include="..\..\XCBase\rvalue_reference.hpp">
      <Filter>Common\XCBase</Filter>
    </ClInclude>
    <ClInclude Include="..\..\XCBase\shared_bytes.hpp">
      <Filter>Common\XCBase</Filter>
    </ClInclude>
    <ClInclude Include="..\..\XCBase\type.hpp">
      <Filter>Common\XCBase</Filter>
    </ClInclude>
    <ClInclude Include="..\..\XCBase\type_traits.hpp">
      <Filter>Common\XCBase</Filter>
    </ClInclude>
    <ClInclude Include="..\..\XC32\adc.hpp">
      <Filter>Common\XC32</Filter>
    </ClInclude>
    <ClInclude Include="..\..\XC32\clock.hpp">
      <Filter>Common\XC32</Filter>
    </ClInclude>
    <ClInclude Include="..\..\XC32\device.hpp">
      <Filter>Common\XC32</Filter>
    </ClInclude>
    <ClInclude Include="..\..\XC32\exceptions.hpp">
      <Filter>Common\XC32</Filter>
    </ClInclude>
    <ClInclude Include="..\..\XC32\i2c.hpp">
      <Filter>Common\XC32</Filter>
    </ClInclude>
    <ClInclude Include="..\..\XC32\interrupt.hpp">
      <Filter>Common\XC32</Filter>
    </ClInclude>
    <ClInclude Include="..\..\XC32\interrupt_safe_allocator.hpp">
      <Filter>Common\XC32</Filter>
    </ClInclude>
    <ClInclude Include="..\..\XC32\longtimer.hpp">
      <Filter>Common\XC32</Filter>
    </ClInclude>
    <ClInclude Include="..\..\XC32\pin.hpp">
      <Filter>Common\XC32</Filter>
    </ClInclude>
    <ClInclude Include="..\..\XC32\spi.hpp">
      <Filter>Common\XC32</Filter>
    </ClInclude>
    <ClInclude Include="..\..\XC32\timer.hpp">
      <Filter>Common\XC32</Filter>
    </ClInclude>
    <ClInclude Include="..\..\XC32\uart.hpp">
      <Filter>Common\XC32</Filter>
    </ClInclude>
    <ClInclude Include="..\..\XC32\wdt.hpp">
      <Filter>Common\XC32</Filter>
    </ClInclude>
    <ClInclude Include="..\..\hmLib\hmLib\algorithm.hpp">
      <Filter>Common\hmLib</Filter>
    </ClInclude>
    <ClInclude Include="..\..\hmLib\hmLib\any_iterator.hpp">
      <Filter>Common\hmLib</Filter>
    </ClInclude>
    <ClInclude Include="..\..\hmLib\hmLib\array_queue.hpp">
      <Filter>Common\hmLib</Filter>
    </ClInclude>
    <ClInclude Include="..\..\hmLib\hmLib\bufgate.hpp">
      <Filter>Common\hmLib</Filter>
    </ClInclude>
    <ClInclude Include="..\..\hmLib\hmLib\cdeque.h">
      <Filter>Common\hmLib</Filter>
    </ClInclude>
    <ClInclude Include="..\..\hmLib\hmLib\color.hpp">
      <Filter>Common\hmLib</Filter>
    </ClInclude>
    <ClInclude Include="..\..\hmLib\hmLib\comgate.hpp">
      <Filter>Common\hmLib</Filter>
    </ClInclude>
    <ClInclude Include="..\..\hmLib\hmLib\config_vc.h">
      <Filter>Common\hmLib</Filter>
    </ClInclude>
    <ClInclude Include="..\..\hmLib\hmLib\coordinates.hpp">
      <Filter>Common\hmLib</Filter>
    </ClInclude>
    <ClInclude Include="..\..\hmLib\hmLib\cqueue.h">
      <Filter>Common\hmLib</Filter>
    </ClInclude>
    <ClInclude Include="..\..\hmLib\hmLib\cstack.h">
      <Filter>Common\hmLib</Filter>
    </ClInclude>
    <ClInclude Include="..\..\hmLib\hmLib\cstring.h">
      <Filter>Common\hmLib</Filter>
    </ClInclude>
    <ClInclude Include="..\..\hmLib\hmLib\date.hpp">
      <Filter>Common\hmLib</Filter>
    </ClInclude>
    <ClInclude Include="..\..\hmLib\hmLib\debugstream.hpp">
      <Filter>Common\hmLib</Filter>
    </ClInclude>
    <ClInclude Include="..\..\hmLib\hmLib\exceptions.hpp">
      <Filter>Common\hmLib</Filter>
    </ClInclude>
    <ClInclude Include="..\..\hmLib\hmLib\filterbuf.hpp">
      <Filter>Common\hmLib</Filter>
    </ClInclude>
    <ClInclude Include="..\..\hmLib\hmLib\gate.hpp">
      <Filter>Common\hmLib</Filter>
    </ClInclude>
    <ClInclude Include="..\..\hmLib\hmLib\gps.hpp">
      <Filter>Common\hmLib</Filter>
    </ClInclude>
    <ClInclude Include="..\..\hmLib\hmLib\inquiries.hpp">
      <Filter>Common\hmLib</Filter>
    </ClInclude>
    <ClInclude Include="..\..\hmLib\hmLib\mutex_proxy.hpp">
      <Filter>Common\hmLib</Filter>
    </ClInclude>
    <ClInclude Include="..\..\hmLib\hmLib\position.hpp">
      <Filter>Common\hmLib</Filter>
    </ClInclude>
    <ClInclude Include="..\..\hmLib\hmLib\random.hpp">
      <Filter>Common\hmLib</Filter>
    </ClInclude>
    <ClInclude Include="..\..\hmLib\hmLib\rectangle.hpp">
      <Filter>Common\hmLib</Filter>
    </ClInclude>
    <ClInclude Include="..\..\hmLib\hmLib\signals.hpp">
      <Filter>Common\hmLib</Filter>
    </ClInclude>
    <ClInclude Include="..\..\hmLib\hmLib\stream_utility.hpp">
      <Filter>Common\hmLib</Filter>
    </ClInclude>
    <ClInclude Include="..\..\hmLib\hmLib\streambuf_interface.hpp">
      <Filter>Common\hmLib</Filter>
    </ClInclude>
    <ClInclude Include="..\..\hmLib\hmLib\type.h">
      <Filter>Common\hmLib</Filter>
    </ClInclude>
    <ClInclude Include="..\..\hmLib\hmLib\typemanage.hpp">
      <Filter>Common\hmLib</Filter>
    </ClInclude>
    <ClInclude Include="..\..\hmLib\hmLib\utility.hpp">
      <Filter>Common\hmLib</Filter>
    </ClInclude>
    <ClInclude Include="..\..\hmLib\hmLib\version.h">
      <Filter>Common\hmLib</Filter>
    </ClInclude>
    <ClInclude Include="..\..\homuraLib_v2\allocator.hpp">
      <Filter>Common\homuraLib_v2</Filter>
    </ClInclude>
    <ClInclude Include="..\..\homuraLib_v2\chrono.hpp">
      <Filter>Common\homuraLib_v2</Filter>
    </ClInclude>
    <ClInclude Include="..\..\homuraLib_v2\code.hpp">
      <Filter>Common\homuraLib_v2</Filter>
    </ClInclude>
    <ClInclude Include="..\..\homuraLib_v2\crc8.h">
      <Filter>Common\homuraLib_v2</Filter>
    </ClInclude>
    <ClInclude Include="..\..\homuraLib_v2\exceptions.hpp">
      <Filter>Common\homuraLib_v2</Filter>
    </ClInclude>
    <ClInclude Include="..\..\homuraLib_v2\gate.hpp">
      <Filter>Common\homuraLib_v2</Filter>
    </ClInclude>
    <ClInclude Include="..\..\homuraLib_v2\gate_adaptor.hpp">
      <Filter>Common\homuraLib_v2</Filter>
    </ClInclude>
    <ClInclude Include="..\..\homuraLib_v2\gps.hpp">
      <Filter>Common\homuraLib_v2</Filter>
    </ClInclude>
    <ClInclude Include="..\..\homuraLib_v2\io.hpp">
      <Filter>Common\homuraLib_v2</Filter>
    </ClInclude>
    <ClInclude Include="..\..\homuraLib_v2\message.hpp">
      <Filter>Common\homuraLib_v2</Filter>
    </ClInclude>
    <ClInclude Include="..\..\homuraLib_v2\raw_data.hpp">
      <Filter>Common\homuraLib_v2</Filter>
    </ClInclude>
    <ClInclude Include="..\..\homuraLib_v2\static_buffer_allocator.hpp">
      <Filter>Common\homuraLib_v2</Filter>
    </ClInclude>
    <ClInclude Include="..\..\homuraLib_v2\task.hpp">
      <Filter>Common\homuraLib_v2</Filter>
    </ClInclude>
    <ClInclude Include="..\..\homuraLib_v2\type.hpp">
      <Filter>Common\homuraLib_v2</Filter>
    </ClInclude>
  </ItemGroup>
</Project>